
Microsoft Visual Studio Solution File, Format Version 12.00
# Visual Studio Version 16
VisualStudioVersion = 16.0.29613.14
MinimumVisualStudioVersion = 10.0.40219.1
Project("{FAE04EC0-301F-11D3-BF4B-00C04F79EFBC}") = "TestMySerialisation", "TestMySerialisation\TestMySerialisation.csproj", "{0EFE5A22-377B-4140-983E-B139CA8E028F}"
EndProject
Project("{FAE04EC0-301F-11D3-BF4B-00C04F79EFBC}") = "MySerialisationLine", "MySerialisationLine\MySerialisationLine.csproj", "{9C4821BD-B0F8-4558-AAC3-61DC5661C7CE}"
EndProject
Global
	GlobalSection(SolutionConfigurationPlatforms) = preSolution
		Debug|Any CPU = Debug|Any CPU
		Release|Any CPU = Release|Any CPU
	EndGlobalSection
	GlobalSection(ProjectConfigurationPlatforms) = postSolution
		{0EFE5A22-377B-4140-983E-B139CA8E028F}.Debug|Any CPU.ActiveCfg = Debug|Any CPU
		{0EFE5A22-377B-4140-983E-B139CA8E028F}.Debug|Any CPU.Build.0 = Debug|Any CPU
		{0EFE5A22-377B-4140-983E-B139CA8E028F}.Release|Any CPU.ActiveCfg = Release|Any CPU
		{0EFE5A22-377B-4140-983E-B139CA8E028F}.Release|Any CPU.Build.0 = Release|Any CPU
		{9C4821BD-B0F8-4558-AAC3-61DC5661C7CE}.Debug|Any CPU.ActiveCfg = Debug|Any CPU
		{9C4821BD-B0F8-4558-AAC3-61DC5661C7CE}.Debug|Any CPU.Build.0 = Debug|Any CPU
		{9C4821BD-B0F8-4558-AAC3-61DC5661C7CE}.Release|Any CPU.ActiveCfg = Release|Any CPU
		{9C4821BD-B0F8-4558-AAC3-61DC5661C7CE}.Release|Any CPU.Build.0 = Release|Any CPU
	EndGlobalSection
	GlobalSection(SolutionProperties) = preSolution
		HideSolutionNode = FALSE
	EndGlobalSection
	GlobalSection(ExtensibilityGlobals) = postSolution
		SolutionGuid = {5FC20181-A82E-4200-882C-8721768F90F3}
	EndGlobalSection
EndGlobal
